// !$*UTF8*$!
{
	archiveVersion = 1;
	classes = {
	};
	objectVersion = 77;
	objects = {

/* Begin PBXBuildFile section */
		3022A3FE2FBCA423005EA2EB /* App.swift in Sources */ = {isa = PBXBuildFile; fileRef = 3022A3FD2FBCA423005EA2EB /* App.swift */; };
		3022A4002FBCA423005EA2EB /* GamesList.swift in Sources */ = {isa = PBXBuildFile; fileRef = 3022A3FF2FBCA423005EA2EB /* GamesList.swift */; };
		3022A4022FBCA423005EA2EB /* Game.swift in Sources */ = {isa = PBXBuildFile; fileRef = 3022A4012FBCA423005EA2EB /* Game.swift */; };
		3022A4042FBCA423005EA2EB /* Assets.xcassets in Resources */ = {isa = PBXBuildFile; fileRef = 3022A4032FBCA423005EA2EB /* Assets.xcassets */; };
		3022A40F2FBCB42F005EA2EB /* Player.swift in Sources */ = {isa = PBXBuildFile; fileRef = 3022A40E2FBCB42F005EA2EB /* Player.swift */; };
		3022A4112FBCB4E2005EA2EB /* NewGameEditor.swift in Sources */ = {isa = PBXBuildFile; fileRef = 3022A4102FBCB4E2005EA2EB /* NewGameEditor.swift */; };
		3022A4132FBCB984005EA2EB /* Scoresheet.swift in Sources */ = {isa = PBXBuildFile; fileRef = 3022A4122FBCB984005EA2EB /* Scoresheet.swift */; };
		3022A4172FBF48F3005EA2EB /* PlayerDetails.swift in Sources */ = {isa = PBXBuildFile; fileRef = 3022A4162FBF48F3005EA2EB /* PlayerDetails.swift */; };
		3022A41A2FBF49EC005EA2EB /* PlayerLabel.swift in Sources */ = {isa = PBXBuildFile; fileRef = 3022A4192FBF49EC005EA2EB /* PlayerLabel.swift */; };
		3022A41C2FC09F99005EA2EB /* PlayerLabelEditor.swift in Sources */ = {isa = PBXBuildFile; fileRef = 3022A41B2FC09F99005EA2EB /* PlayerLabelEditor.swift */; };
		3022A41E2FC0C22B005EA2EB /* PlayerImage.swift in Sources */ = {isa = PBXBuildFile; fileRef = 3022A41D2FC0C22B005EA2EB /* PlayerImage.swift */; };
		3022A4202FC0CC62005EA2EB /* GameLabel.swift in Sources */ = {isa = PBXBuildFile; fileRef = 3022A41F2FC0CC62005EA2EB /* GameLabel.swift */; };
/* End PBXBuildFile section */

/* Begin PBXFileReference section */
		3022A3FA2FBCA422005EA2EB /* Card Golf Scoresheet.app */ = {isa = PBXFileReference; explicitFileType = wrapper.application; includeInIndex = 0; path = "Card Golf Scoresheet.app"; sourceTree = BUILT_PRODUCTS_DIR; };
		3022A3FD2FBCA423005EA2EB /* App.swift */ = {isa = PBXFileReference; lastKnownFileType = sourcecode.swift; path = App.swift; sourceTree = "<group>"; };
		3022A3FF2FBCA423005EA2EB /* GamesList.swift */ = {isa = PBXFileReference; lastKnownFileType = sourcecode.swift; path = GamesList.swift; sourceTree = "<group>"; };
		3022A4012FBCA423005EA2EB /* Game.swift */ = {isa = PBXFileReference; lastKnownFileType = sourcecode.swift; path = Game.swift; sourceTree = "<group>"; };
		3022A4032FBCA423005EA2EB /* Assets.xcassets */ = {isa = PBXFileReference; lastKnownFileType = folder.assetcatalog; path = Assets.xcassets; sourceTree = "<group>"; };
		3022A40E2FBCB42F005EA2EB /* Player.swift */ = {isa = PBXFileReference; lastKnownFileType = sourcecode.swift; path = Player.swift; sourceTree = "<group>"; };
		3022A4102FBCB4E2005EA2EB /* NewGameEditor.swift */ = {isa = PBXFileReference; lastKnownFileType = sourcecode.swift; path = NewGameEditor.swift; sourceTree = "<group>"; };
		3022A4122FBCB984005EA2EB /* Scoresheet.swift */ = {isa = PBXFileReference; lastKnownFileType = sourcecode.swift; path = Scoresheet.swift; sourceTree = "<group>"; };
		3022A4162FBF48F3005EA2EB /* PlayerDetails.swift */ = {isa = PBXFileReference; lastKnownFileType = sourcecode.swift; path = PlayerDetails.swift; sourceTree = "<group>"; };
		3022A4192FBF49EC005EA2EB /* PlayerLabel.swift */ = {isa = PBXFileReference; lastKnownFileType = sourcecode.swift; path = PlayerLabel.swift; sourceTree = "<group>"; };
		3022A41B2FC09F99005EA2EB /* PlayerLabelEditor.swift */ = {isa = PBXFileReference; lastKnownFileType = sourcecode.swift; path = PlayerLabelEditor.swift; sourceTree = "<group>"; };
		3022A41D2FC0C22B005EA2EB /* PlayerImage.swift */ = {isa = PBXFileReference; lastKnownFileType = sourcecode.swift; path = PlayerImage.swift; sourceTree = "<group>"; };
		3022A41F2FC0CC62005EA2EB /* GameLabel.swift */ = {isa = PBXFileReference; lastKnownFileType = sourcecode.swift; path = GameLabel.swift; sourceTree = "<group>"; };
/* End PBXFileReference section */

/* Begin PBXFrameworksBuildPhase section */
		3022A3F72FBCA422005EA2EB /* Frameworks */ = {
			isa = PBXFrameworksBuildPhase;
			buildActionMask = 2147483647;
			files = (
			);
			runOnlyForDeploymentPostprocessing = 0;
		};
/* End PBXFrameworksBuildPhase section */

/* Begin PBXGroup section */
		3022A3F12FBCA422005EA2EB = {
			isa = PBXGroup;
			children = (
				3022A40A2FBCA427005EA2EB /* App */,
				3022A3FB2FBCA422005EA2EB /* Products */,
			);
			sourceTree = "<group>";
		};
		3022A3FB2FBCA422005EA2EB /* Products */ = {
			isa = PBXGroup;
			children = (
				3022A3FA2FBCA422005EA2EB /* Card Golf Scoresheet.app */,
			);
			name = Products;
			sourceTree = "<group>";
		};
		3022A40A2FBCA427005EA2EB /* App */ = {
			isa = PBXGroup;
			children = (
				3022A3FD2FBCA423005EA2EB /* App.swift */,
				3022A40D2FBCAAEF005EA2EB /* Pages */,
				3022A40B2FBCA42B005EA2EB /* Models */,
				3022A4182FBF49D5005EA2EB /* Components */,
				3022A40C2FBCA4B6005EA2EB /* Other */,
			);
			path = App;
			sourceTree = "<group>";
		};
		3022A40B2FBCA42B005EA2EB /* Models */ = {
			isa = PBXGroup;
			children = (
				3022A4012FBCA423005EA2EB /* Game.swift */,
				3022A40E2FBCB42F005EA2EB /* Player.swift */,
			);
			path = Models;
			sourceTree = "<group>";
		};
		3022A40C2FBCA4B6005EA2EB /* Other */ = {
			isa = PBXGroup;
			children = (
				3022A4032FBCA423005EA2EB /* Assets.xcassets */,
			);
			path = Other;
			sourceTree = "<group>";
		};
		3022A40D2FBCAAEF005EA2EB /* Pages */ = {
			isa = PBXGroup;
			children = (
				3022A3FF2FBCA423005EA2EB /* GamesList.swift */,
				3022A4102FBCB4E2005EA2EB /* NewGameEditor.swift */,
				3022A4162FBF48F3005EA2EB /* PlayerDetails.swift */,
				3022A4122FBCB984005EA2EB /* Scoresheet.swift */,
			);
			path = Pages;
			sourceTree = "<group>";
		};
		3022A4182FBF49D5005EA2EB /* Components */ = {
			isa = PBXGroup;
			children = (
				3022A41F2FC0CC62005EA2EB /* GameLabel.swift */,
				3022A4192FBF49EC005EA2EB /* PlayerLabel.swift */,
				3022A41D2FC0C22B005EA2EB /* PlayerImage.swift */,
				3022A41B2FC09F99005EA2EB /* PlayerLabelEditor.swift */,
			);
			path = Components;
			sourceTree = "<group>";
		};
/* End PBXGroup section */

/* Begin PBXNativeTarget section */
		3022A3F92FBCA422005EA2EB /* Card Golf Scoresheet */ = {
			isa = PBXNativeTarget;
			buildConfigurationList = 3022A4072FBCA423005EA2EB /* Build configuration list for PBXNativeTarget "Card Golf Scoresheet" */;
			buildPhases = (
				3022A3F62FBCA422005EA2EB /* Sources */,
				3022A3F72FBCA422005EA2EB /* Frameworks */,
				3022A3F82FBCA422005EA2EB /* Resources */,
			);
			buildRules = (
			);
			dependencies = (
			);
			name = "Card Golf Scoresheet";
			packageProductDependencies = (
			);
			productName = "Card Golf Scoresheet";
			productReference = 3022A3FA2FBCA422005EA2EB /* Card Golf Scoresheet.app */;
			productType = "com.apple.product-type.application";
		};
/* End PBXNativeTarget section */

/* Begin PBXProject section */
		3022A3F22FBCA422005EA2EB /* Project object */ = {
			isa = PBXProject;
			attributes = {
				BuildIndependentTargetsInParallel = 1;
				LastSwiftUpdateCheck = 2640;
				LastUpgradeCheck = 2640;
				TargetAttributes = {
					3022A3F92FBCA422005EA2EB = {
						CreatedOnToolsVersion = 26.4;
					};
				};
			};
			buildConfigurationList = 3022A3F52FBCA422005EA2EB /* Build configuration list for PBXProject "Card Golf Scoresheet" */;
			developmentRegion = en;
			hasScannedForEncodings = 0;
			knownRegions = (
				en,
				Base,
			);
			mainGroup = 3022A3F12FBCA422005EA2EB;
			minimizedProjectReferenceProxies = 1;
			preferredProjectObjectVersion = 77;
			productRefGroup = 3022A3FB2FBCA422005EA2EB /* Products */;
			projectDirPath = "";
			projectRoot = "";
			targets = (
				3022A3F92FBCA422005EA2EB /* Card Golf Scoresheet */,
			);
		};
/* End PBXProject section */

/* Begin PBXResourcesBuildPhase section */
		3022A3F82FBCA422005EA2EB /* Resources */ = {
			isa = PBXResourcesBuildPhase;
			buildActionMask = 2147483647;
			files = (
				3022A4042FBCA423005EA2EB /* Assets.xcassets in Resources */,
			);
			runOnlyForDeploymentPostprocessing = 0;
		};
/* End PBXResourcesBuildPhase section */

/* Begin PBXSourcesBuildPhase section */
		3022A3F62FBCA422005EA2EB /* Sources */ = {
			isa = PBXSourcesBuildPhase;
			buildActionMask = 2147483647;
			files = (
				3022A4112FBCB4E2005EA2EB /* NewGameEditor.swift in Sources */,
				3022A41E2FC0C22B005EA2EB /* PlayerImage.swift in Sources */,
				3022A41A2FBF49EC005EA2EB /* PlayerLabel.swift in Sources */,
				3022A4132FBCB984005EA2EB /* Scoresheet.swift in Sources */,
				3022A41C2FC09F99005EA2EB /* PlayerLabelEditor.swift in Sources */,
				3022A4002FBCA423005EA2EB /* GamesList.swift in Sources */,
				3022A4022FBCA423005EA2EB /* Game.swift in Sources */,
				3022A4202FC0CC62005EA2EB /* GameLabel.swift in Sources */,
				3022A3FE2FBCA423005EA2EB /* App.swift in Sources */,
				3022A4172FBF48F3005EA2EB /* PlayerDetails.swift in Sources */,
				3022A40F2FBCB42F005EA2EB /* Player.swift in Sources */,
			);
			runOnlyForDeploymentPostprocessing = 0;
		};
/* End PBXSourcesBuildPhase section */

/* Begin XCBuildConfiguration section */
		3022A4052FBCA423005EA2EB /* Debug */ = {
			isa = XCBuildConfiguration;
			buildSettings = {
				ALWAYS_SEARCH_USER_PATHS = NO;
				ASSETCATALOG_COMPILER_GENERATE_SWIFT_ASSET_SYMBOL_EXTENSIONS = YES;
				CLANG_ANALYZER_NONNULL = YES;
				CLANG_ANALYZER_NUMBER_OBJECT_CONVERSION = YES_AGGRESSIVE;
				CLANG_CXX_LANGUAGE_STANDARD = "gnu++20";
				CLANG_ENABLE_MODULES = YES;
				CLANG_ENABLE_OBJC_ARC = YES;
				CLANG_ENABLE_OBJC_WEAK = YES;
				CLANG_WARN_BLOCK_CAPTURE_AUTORELEASING = YES;
				CLANG_WARN_BOOL_CONVERSION = YES;
				CLANG_WARN_COMMA = YES;
				CLANG_WARN_CONSTANT_CONVERSION = YES;
				CLANG_WARN_DEPRECATED_OBJC_IMPLEMENTATIONS = YES;
				CLANG_WARN_DIRECT_OBJC_ISA_USAGE = YES_ERROR;
				CLANG_WARN_DOCUMENTATION_COMMENTS = YES;
				CLANG_WARN_EMPTY_BODY = YES;
				CLANG_WARN_ENUM_CONVERSION = YES;
				CLANG_WARN_INFINITE_RECURSION = YES;
				CLANG_WARN_INT_CONVERSION = YES;
				CLANG_WARN_NON_LITERAL_NULL_CONVERSION = YES;
				CLANG_WARN_OBJC_IMPLICIT_RETAIN_SELF = YES;
				CLANG_WARN_OBJC_LITERAL_CONVERSION = YES;
				CLANG_WARN_OBJC_ROOT_CLASS = YES_ERROR;
				CLANG_WARN_QUOTED_INCLUDE_IN_FRAMEWORK_HEADER = YES;
				CLANG_WARN_RANGE_LOOP_ANALYSIS = YES;
				CLANG_WARN_STRICT_PROTOTYPES = YES;
				CLANG_WARN_SUSPICIOUS_MOVE = YES;
				CLANG_WARN_UNGUARDED_AVAILABILITY = YES_AGGRESSIVE;
				CLANG_WARN_UNREACHABLE_CODE = YES;
				CLANG_WARN__DUPLICATE_METHOD_MATCH = YES;
				COPY_PHASE_STRIP = NO;
				DEBUG_INFORMATION_FORMAT = dwarf;
				ENABLE_STRICT_OBJC_MSGSEND = YES;
				ENABLE_TESTABILITY = YES;
				ENABLE_USER_SCRIPT_SANDBOXING = YES;
				GCC_C_LANGUAGE_STANDARD = gnu17;
				GCC_DYNAMIC_NO_PIC = NO;
				GCC_NO_COMMON_BLOCKS = YES;
				GCC_OPTIMIZATION_LEVEL = 0;
				GCC_PREPROCESSOR_DEFINITIONS = (
					"DEBUG=1",
					"$(inherited)",
				);
				GCC_WARN_64_TO_32_BIT_CONVERSION = YES;
				GCC_WARN_ABOUT_RETURN_TYPE = YES_ERROR;
				GCC_WARN_UNDECLARED_SELECTOR = YES;
				GCC_WARN_UNINITIALIZED_AUTOS = YES_AGGRESSIVE;
				GCC_WARN_UNUSED_FUNCTION = YES;
				GCC_WARN_UNUSED_VARIABLE = YES;
				IPHONEOS_DEPLOYMENT_TARGET = 26.4;
				LOCALIZATION_PREFERS_STRING_CATALOGS = YES;
				MTL_ENABLE_DEBUG_INFO = INCLUDE_SOURCE;
				MTL_FAST_MATH = YES;
				ONLY_ACTIVE_ARCH = YES;
				SDKROOT = iphoneos;
				SWIFT_ACTIVE_COMPILATION_CONDITIONS = "DEBUG $(inherited)";
				SWIFT_OPTIMIZATION_LEVEL = "-Onone";
			};
			name = Debug;
		};
		3022A4062FBCA423005EA2EB /* Release */ = {
			isa = XCBuildConfiguration;
			buildSettings = {
				ALWAYS_SEARCH_USER_PATHS = NO;
				ASSETCATALOG_COMPILER_GENERATE_SWIFT_ASSET_SYMBOL_EXTENSIONS = YES;
				CLANG_ANALYZER_NONNULL = YES;
				CLANG_ANALYZER_NUMBER_OBJECT_CONVERSION = YES_AGGRESSIVE;
				CLANG_CXX_LANGUAGE_STANDARD = "gnu++20";
				CLANG_ENABLE_MODULES = YES;
				CLANG_ENABLE_OBJC_ARC = YES;
				CLANG_ENABLE_OBJC_WEAK = YES;
				CLANG_WARN_BLOCK_CAPTURE_AUTORELEASING = YES;
				CLANG_WARN_BOOL_CONVERSION = YES;
				CLANG_WARN_COMMA = YES;
				CLANG_WARN_CONSTANT_CONVERSION = YES;
				CLANG_WARN_DEPRECATED_OBJC_IMPLEMENTATIONS = YES;
				CLANG_WARN_DIRECT_OBJC_ISA_USAGE = YES_ERROR;
				CLANG_WARN_DOCUMENTATION_COMMENTS = YES;
				CLANG_WARN_EMPTY_BODY = YES;
				CLANG_WARN_ENUM_CONVERSION = YES;
				CLANG_WARN_INFINITE_RECURSION = YES;
				CLANG_WARN_INT_CONVERSION = YES;
				CLANG_WARN_NON_LITERAL_NULL_CONVERSION = YES;
				CLANG_WARN_OBJC_IMPLICIT_RETAIN_SELF = YES;
				CLANG_WARN_OBJC_LITERAL_CONVERSION = YES;
				CLANG_WARN_OBJC_ROOT_CLASS = YES_ERROR;
				CLANG_WARN_QUOTED_INCLUDE_IN_FRAMEWORK_HEADER = YES;
				CLANG_WARN_RANGE_LOOP_ANALYSIS = YES;
				CLANG_WARN_STRICT_PROTOTYPES = YES;
				CLANG_WARN_SUSPICIOUS_MOVE = YES;
				CLANG_WARN_UNGUARDED_AVAILABILITY = YES_AGGRESSIVE;
				CLANG_WARN_UNREACHABLE_CODE = YES;
				CLANG_WARN__DUPLICATE_METHOD_MATCH = YES;
				COPY_PHASE_STRIP = NO;
				DEBUG_INFORMATION_FORMAT = "dwarf-with-dsym";
				ENABLE_NS_ASSERTIONS = NO;
				ENABLE_STRICT_OBJC_MSGSEND = YES;
				ENABLE_USER_SCRIPT_SANDBOXING = YES;
				GCC_C_LANGUAGE_STANDARD = gnu17;
				GCC_NO_COMMON_BLOCKS = YES;
				GCC_WARN_64_TO_32_BIT_CONVERSION = YES;
				GCC_WARN_ABOUT_RETURN_TYPE = YES_ERROR;
				GCC_WARN_UNDECLARED_SELECTOR = YES;
				GCC_WARN_UNINITIALIZED_AUTOS = YES_AGGRESSIVE;
				GCC_WARN_UNUSED_FUNCTION = YES;
				GCC_WARN_UNUSED_VARIABLE = YES;
				IPHONEOS_DEPLOYMENT_TARGET = 26.4;
				LOCALIZATION_PREFERS_STRING_CATALOGS = YES;
				MTL_ENABLE_DEBUG_INFO = NO;
				MTL_FAST_MATH = YES;
				SDKROOT = iphoneos;
				SWIFT_COMPILATION_MODE = wholemodule;
				VALIDATE_PRODUCT = YES;
			};
			name = Release;
		};
		3022A4082FBCA423005EA2EB /* Debug */ = {
			isa = XCBuildConfiguration;
			buildSettings = {
				ASSETCATALOG_COMPILER_APPICON_NAME = AppIcon;
				ASSETCATALOG_COMPILER_GLOBAL_ACCENT_COLOR_NAME = AccentColor;
				CODE_SIGN_STYLE = Automatic;
				CURRENT_PROJECT_VERSION = 1;
				DEVELOPMENT_TEAM = JY83NY58JG;
				ENABLE_PREVIEWS = YES;
				GENERATE_INFOPLIST_FILE = YES;
				INFOPLIST_KEY_ITSAppUsesNonExemptEncryption = NO;
				INFOPLIST_KEY_UIApplicationSceneManifest_Generation = YES;
				INFOPLIST_KEY_UIApplicationSupportsIndirectInputEvents = YES;
				INFOPLIST_KEY_UILaunchScreen_Generation = YES;
				INFOPLIST_KEY_UISupportedInterfaceOrientations_iPad = "UIInterfaceOrientationPortrait UIInterfaceOrientationPortraitUpsideDown UIInterfaceOrientationLandscapeLeft UIInterfaceOrientationLandscapeRight";
				INFOPLIST_KEY_UISupportedInterfaceOrientations_iPhone = "UIInterfaceOrientationPortrait UIInterfaceOrientationLandscapeLeft UIInterfaceOrientationLandscapeRight";
				LD_RUNPATH_SEARCH_PATHS = (
					"$(inherited)",
					"@executable_path/Frameworks",
				);
				MARKETING_VERSION = 1.0;
				PRODUCT_BUNDLE_IDENTIFIER = "com.jacobmccloud.Card-Golf-Scoresheet";
				PRODUCT_NAME = "$(TARGET_NAME)";
				STRING_CATALOG_GENERATE_SYMBOLS = YES;
				SWIFT_APPROACHABLE_CONCURRENCY = YES;
				SWIFT_DEFAULT_ACTOR_ISOLATION = MainActor;
				SWIFT_EMIT_LOC_STRINGS = YES;
				SWIFT_UPCOMING_FEATURE_MEMBER_IMPORT_VISIBILITY = YES;
				SWIFT_VERSION = 5.0;
				TARGETED_DEVICE_FAMILY = "1,2";
			};
			name = Debug;
		};
		3022A4092FBCA423005EA2EB /* Release */ = {
			isa = XCBuildConfiguration;
			buildSettings = {
				ASSETCATALOG_COMPILER_APPICON_NAME = AppIcon;
				ASSETCATALOG_COMPILER_GLOBAL_ACCENT_COLOR_NAME = AccentColor;
				CODE_SIGN_STYLE = Automatic;
				CURRENT_PROJECT_VERSION = 1;
				DEVELOPMENT_TEAM = JY83NY58JG;
				ENABLE_PREVIEWS = YES;
				GENERATE_INFOPLIST_FILE = YES;
				INFOPLIST_KEY_ITSAppUsesNonExemptEncryption = NO;
				INFOPLIST_KEY_UIApplicationSceneManifest_Generation = YES;
				INFOPLIST_KEY_UIApplicationSupportsIndirectInputEvents = YES;
				INFOPLIST_KEY_UILaunchScreen_Generation = YES;
				INFOPLIST_KEY_UISupportedInterfaceOrientations_iPad = "UIInterfaceOrientationPortrait UIInterfaceOrientationPortraitUpsideDown UIInterfaceOrientationLandscapeLeft UIInterfaceOrientationLandscapeRight";
				INFOPLIST_KEY_UISupportedInterfaceOrientations_iPhone = "UIInterfaceOrientationPortrait UIInterfaceOrientationLandscapeLeft UIInterfaceOrientationLandscapeRight";
				LD_RUNPATH_SEARCH_PATHS = (
					"$(inherited)",
					"@executable_path/Frameworks",
				);
				MARKETING_VERSION = 1.0;
				PRODUCT_BUNDLE_IDENTIFIER = "com.jacobmccloud.Card-Golf-Scoresheet";
				PRODUCT_NAME = "$(TARGET_NAME)";
				STRING_CATALOG_GENERATE_SYMBOLS = YES;
				SWIFT_APPROACHABLE_CONCURRENCY = YES;
				SWIFT_DEFAULT_ACTOR_ISOLATION = MainActor;
				SWIFT_EMIT_LOC_STRINGS = YES;
				SWIFT_UPCOMING_FEATURE_MEMBER_IMPORT_VISIBILITY = YES;
				SWIFT_VERSION = 5.0;
				TARGETED_DEVICE_FAMILY = "1,2";
			};
			name = Release;
		};
/* End XCBuildConfiguration section */

/* Begin XCConfigurationList section */
		3022A3F52FBCA422005EA2EB /* Build configuration list for PBXProject "Card Golf Scoresheet" */ = {
			isa = XCConfigurationList;
			buildConfigurations = (
				3022A4052FBCA423005EA2EB /* Debug */,
				3022A4062FBCA423005EA2EB /* Release */,
			);
			defaultConfigurationIsVisible = 0;
			defaultConfigurationName = Release;
		};
		3022A4072FBCA423005EA2EB /* Build configuration list for PBXNativeTarget "Card Golf Scoresheet" */ = {
			isa = XCConfigurationList;
			buildConfigurations = (
				3022A4082FBCA423005EA2EB /* Debug */,
				3022A4092FBCA423005EA2EB /* Release */,
			);
			defaultConfigurationIsVisible = 0;
			defaultConfigurationName = Release;
		};
/* End XCConfigurationList section */
	};
	rootObject = 3022A3F22FBCA422005EA2EB /* Project object */;
}
